
Microsoft Visual Studio Solution File, Format Version 12.00
# Visual Studio Version 17
VisualStudioVersion = 17.2.32616.157
MinimumVisualStudioVersion = 10.0.40219.1
Project("{FAE04EC0-301F-11D3-BF4B-00C04F79EFBC}") = "MedidoresInteligentes", "MedidoresInteligentes\MedidoresInteligentes.csproj", "{9EC1B83F-ECAE-480E-975F-A9D1B3C5247F}"
EndProject
Project("{FAE04EC0-301F-11D3-BF4B-00C04F79EFBC}") = "MedidoresInteligentesModel", "MedidoresInteligentesModel\MedidoresInteligentesModel.csproj", "{45764706-12F8-4D39-9A1C-CB5684D2F194}"
EndProject
Global
	GlobalSection(SolutionConfigurationPlatforms) = preSolution
		Debug|Any CPU = Debug|Any CPU
		Release|Any CPU = Release|Any CPU
	EndGlobalSection
	GlobalSection(ProjectConfigurationPlatforms) = postSolution
		{9EC1B83F-ECAE-480E-975F-A9D1B3C5247F}.Debug|Any CPU.ActiveCfg = Debug|Any CPU
		{9EC1B83F-ECAE-480E-975F-A9D1B3C5247F}.Debug|Any CPU.Build.0 = Debug|Any CPU
		{9EC1B83F-ECAE-480E-975F-A9D1B3C5247F}.Release|Any CPU.ActiveCfg = Release|Any CPU
		{9EC1B83F-ECAE-480E-975F-A9D1B3C5247F}.Release|Any CPU.Build.0 = Release|Any CPU
		{45764706-12F8-4D39-9A1C-CB5684D2F194}.Debug|Any CPU.ActiveCfg = Debug|Any CPU
		{45764706-12F8-4D39-9A1C-CB5684D2F194}.Debug|Any CPU.Build.0 = Debug|Any CPU
		{45764706-12F8-4D39-9A1C-CB5684D2F194}.Release|Any CPU.ActiveCfg = Release|Any CPU
		{45764706-12F8-4D39-9A1C-CB5684D2F194}.Release|Any CPU.Build.0 = Release|Any CPU
	EndGlobalSection
	GlobalSection(SolutionProperties) = preSolution
		HideSolutionNode = FALSE
	EndGlobalSection
	GlobalSection(ExtensibilityGlobals) = postSolution
		SolutionGuid = {2744620D-FDE5-4979-83DD-8035B640D64A}
	EndGlobalSection
EndGlobal
